Microsoft Visual Studio Solution File, Format Version 12.00
# Visual Studio Version 17
VisualStudioVersion = 17.5.2.0
MinimumVisualStudioVersion = 10.0.40219.1
Project("{2150E333-8FDC-42A3-9474-1A3956D46DE8}") = "launcher", "launcher", "{740C5202-8AD2-6D86-0CA9-F95B1A2D697C}"
EndProject
Project("{FAE04EC0-301F-11D3-BF4B-00C04F79EFBC}") = "launcher", "launcher\launcher\launcher.csproj", "{76E7C167-7071-639D-A7ED-92BEFCB1F9CE}"
EndProject
Global
	GlobalSection(SolutionConfigurationPlatforms) = preSolution
		Debug|Any CPU = Debug|Any CPU
		Release|Any CPU = Release|Any CPU
	EndGlobalSection
	GlobalSection(ProjectConfigurationPlatforms) = postSolution
		{76E7C167-7071-639D-A7ED-92BEFCB1F9CE}.Debug|Any CPU.ActiveCfg = Debug|Any CPU
		{76E7C167-7071-639D-A7ED-92BEFCB1F9CE}.Debug|Any CPU.Build.0 = Debug|Any CPU
		{76E7C167-7071-639D-A7ED-92BEFCB1F9CE}.Release|Any CPU.ActiveCfg = Release|Any CPU
		{76E7C167-7071-639D-A7ED-92BEFCB1F9CE}.Release|Any CPU.Build.0 = Release|Any CPU
	EndGlobalSection
	GlobalSection(SolutionProperties) = preSolution
		HideSolutionNode = FALSE
	EndGlobalSection
	GlobalSection(NestedProjects) = preSolution
		{76E7C167-7071-639D-A7ED-92BEFCB1F9CE} = {740C5202-8AD2-6D86-0CA9-F95B1A2D697C}
	EndGlobalSection
	GlobalSection(ExtensibilityGlobals) = postSolution
		SolutionGuid = {42581549-A551-4370-840F-D79D5368BCB8}
	EndGlobalSection
EndGlobal
